
Microsoft Visual Studio Solution File, Format Version 12.00
# Visual Studio Version 16
VisualStudioVersion = 25.0.1706.5
MinimumVisualStudioVersion = 10.0.40219.1
Project("{FAE04EC0-301F-11D3-BF4B-00C04F79EFBC}") = "Week_8 - Midterm Question", "Questions\Week_8 - Midterm Question.csproj", "{E8C9C23D-9C31-4D77-8266-BE7E9FE482C4}"
EndProject
Global
	GlobalSection(SolutionConfigurationPlatforms) = preSolution
		Debug|Any CPU = Debug|Any CPU
		Release|Any CPU = Release|Any CPU
	EndGlobalSection
	GlobalSection(ProjectConfigurationPlatforms) = postSolution
		{E8C9C23D-9C31-4D77-8266-BE7E9FE482C4}.Debug|Any CPU.ActiveCfg = Debug|Any CPU
		{E8C9C23D-9C31-4D77-8266-BE7E9FE482C4}.Debug|Any CPU.Build.0 = Debug|Any CPU
		{E8C9C23D-9C31-4D77-8266-BE7E9FE482C4}.Release|Any CPU.ActiveCfg = Release|Any CPU
		{E8C9C23D-9C31-4D77-8266-BE7E9FE482C4}.Release|Any CPU.Build.0 = Release|Any CPU
	EndGlobalSection
	GlobalSection(SolutionProperties) = preSolution
		HideSolutionNode = FALSE
	EndGlobalSection
	GlobalSection(ExtensibilityGlobals) = postSolution
		SolutionGuid = {B62FC86F-7269-42D9-B84F-54433F61B64F}
	EndGlobalSection
EndGlobal
